// !$*UTF8*$!
{
	archiveVersion = 1;
	classes = {
	};
	objectVersion = 46;
	objects = {

/* Begin PBXBuildFile section */
		ED4DFA621D38CA0100D29596 /* main.m in Sources */ = {isa = PBXBuildFile; fileRef = ED4DFA611D38CA0100D29596 /* main.m */; };
		ED4DFA651D38CA0100D29596 /* AppDelegate.m in Sources */ = {isa = PBXBuildFile; fileRef = ED4DFA641D38CA0100D29596 /* AppDelegate.m */; };
		ED4DFA681D38CA0100D29596 /* ViewController.m in Sources */ = {isa = PBXBuildFile; fileRef = ED4DFA671D38CA0100D29596 /* ViewController.m */; };
		ED4DFA6B1D38CA0100D29596 /* Main.storyboard in Resources */ = {isa = PBXBuildFile; fileRef = ED4DFA691D38CA0100D29596 /* Main.storyboard */; };
		ED4DFA6D1D38CA0100D29596 /* Assets.xcassets in Resources */ = {isa = PBXBuildFile; fileRef = ED4DFA6C1D38CA0100D29596 /* Assets.xcassets */; };
		ED4DFA701D38CA0100D29596 /* LaunchScreen.storyboard in Resources */ = {isa = PBXBuildFile; fileRef = ED4DFA6E1D38CA0100D29596 /* LaunchScreen.storyboard */; };
/* End PBXBuildFile section */

/* Begin PBXFileReference section */
		ED4DFA5D1D38CA0100D29596 /* ProjectMenu.app */ = {isa = PBXFileReference; explicitFileType = wrapper.application; includeInIndex = 0; path = ProjectMenu.app; sourceTree = BUILT_PRODUCTS_DIR; };
		ED4DFA611D38CA0100D29596 /* main.m */ = {isa = PBXFileReference; lastKnownFileType = sourcecode.c.objc; path = main.m; sourceTree = "<group>"; };
		ED4DFA631D38CA0100D29596 /* AppDelegate.h */ = {isa = PBXFileReference; lastKnownFileType = sourcecode.c.h; path = AppDelegate.h; sourceTree = "<group>"; };
		ED4DFA641D38CA0100D29596 /* AppDelegate.m */ = {isa = PBXFileReference; lastKnownFileType = sourcecode.c.objc; path = AppDelegate.m; sourceTree = "<group>"; };
		ED4DFA661D38CA0100D29596 /* ViewController.h */ = {isa = PBXFileReference; lastKnownFileType = sourcecode.c.h; path = ViewController.h; sourceTree = "<group>"; };
		ED4DFA671D38CA0100D29596 /* ViewController.m */ = {isa = PBXFileReference; lastKnownFileType = sourcecode.c.objc; path = ViewController.m; sourceTree = "<group>"; };
		ED4DFA6A1D38CA0100D29596 /* Base */ = {isa = PBXFileReference; lastKnownFileType = file.storyboard; name = Base; path = Base.lproj/Main.storyboard; sourceTree = "<group>"; };
		ED4DFA6C1D38CA0100D29596 /* Assets.xcassets */ = {isa = PBXFileReference; lastKnownFileType = folder.assetcatalog; path = Assets.xcassets; sourceTree = "<group>"; };
		ED4DFA6F1D38CA0100D29596 /* Base */ = {isa = PBXFileReference; lastKnownFileType = file.storyboard; name = Base; path = Base.lproj/LaunchScreen.storyboard; sourceTree = "<group>"; };
		ED4DFA711D38CA0100D29596 /* Info.plist */ = {isa = PBXFileReference; lastKnownFileType = text.plist.xml; path = Info.plist; sourceTree = "<group>"; };
/* End PBXFileReference section */

/* Begin PBXFrameworksBuildPhase section */
		ED4DFA5A1D38CA0100D29596 /* Frameworks */ = {
			isa = PBXFrameworksBuildPhase;
			buildActionMask = 2147483647;
			files = (
			);
			runOnlyForDeploymentPostprocessing = 0;
		};
/* End PBXFrameworksBuildPhase section */

/* Begin PBXGroup section */
		ED4DFA541D38CA0100D29596 = {
			isa = PBXGroup;
			children = (
				ED4DFA5F1D38CA0100D29596 /* ProjectMenu */,
				ED4DFA5E1D38CA0100D29596 /* Products */,
			);
			sourceTree = "<group>";
		};
		ED4DFA5E1D38CA0100D29596 /* Products */ = {
			isa = PBXGroup;
			children = (
				ED4DFA5D1D38CA0100D29596 /* ProjectMenu.app */,
			);
			name = Products;
			sourceTree = "<group>";
		};
		ED4DFA5F1D38CA0100D29596 /* ProjectMenu */ = {
			isa = PBXGroup;
			children = (
				ED4DFA631D38CA0100D29596 /* AppDelegate.h */,
				ED4DFA641D38CA0100D29596 /* AppDelegate.m */,
				ED4DFA661D38CA0100D29596 /* ViewController.h */,
				ED4DFA671D38CA0100D29596 /* ViewController.m */,
				ED4DFA691D38CA0100D29596 /* Main.storyboard */,
				ED4DFA6C1D38CA0100D29596 /* Assets.xcassets */,
				ED4DFA6E1D38CA0100D29596 /* LaunchScreen.storyboard */,
				ED4DFA711D38CA0100D29596 /* Info.plist */,
				ED4DFA601D38CA0100D29596 /* Supporting Files */,
			);
			path = ProjectMenu;
			sourceTree = "<group>";
		};
		ED4DFA601D38CA0100D29596 /* Supporting Files */ = {
			isa = PBXGroup;
			children = (
				ED4DFA611D38CA0100D29596 /* main.m */,
			);
			name = "Supporting Files";
			sourceTree = "<group>";
		};
/* End PBXGroup section */

/* Begin PBXNativeTarget section */
		ED4DFA5C1D38CA0100D29596 /* ProjectMenu */ = {
			isa = PBXNativeTarget;
			buildConfigurationList = ED4DFA741D38CA0100D29596 /* Build configuration list for PBXNativeTarget "ProjectMenu" */;
			buildPhases = (
				ED4DFA591D38CA0100D29596 /* Sources */,
				ED4DFA5A1D38CA0100D29596 /* Frameworks */,
				ED4DFA5B1D38CA0100D29596 /* Resources */,
			);
			buildRules = (
			);
			dependencies = (
			);
			name = ProjectMenu;
			productName = ProjectMenu;
			productReference = ED4DFA5D1D38CA0100D29596 /* ProjectMenu.app */;
			productType = "com.apple.product-type.application";
		};
/* End PBXNativeTarget section */

/* Begin PBXProject section */
		ED4DFA551D38CA0100D29596 /* Project object */ = {
			isa = PBXProject;
			attributes = {
				LastUpgradeCheck = 0730;
				ORGANIZATIONNAME = "Abbin Varghese";
				TargetAttributes = {
					ED4DFA5C1D38CA0100D29596 = {
						CreatedOnToolsVersion = 7.3;
					};
				};
			};
			buildConfigurationList = ED4DFA581D38CA0100D29596 /* Build configuration list for PBXProject "ProjectMenu" */;
			compatibilityVersion = "Xcode 3.2";
			developmentRegion = English;
			hasScannedForEncodings = 0;
			knownRegions = (
				en,
				Base,
			);
			mainGroup = ED4DFA541D38CA0100D29596;
			productRefGroup = ED4DFA5E1D38CA0100D29596 /* Products */;
			projectDirPath = "";
			projectRoot = "";
			targets = (
				ED4DFA5C1D38CA0100D29596 /* ProjectMenu */,
			);
		};
/* End PBXProject section */

/* Begin PBXResourcesBuildPhase section */
		ED4DFA5B1D38CA0100D29596 /* Resources */ = {
			isa = PBXResourcesBuildPhase;
			buildActionMask = 2147483647;
			files = (
				ED4DFA701D38CA0100D29596 /* LaunchScreen.storyboard in Resources */,
				ED4DFA6D1D38CA0100D29596 /* Assets.xcassets in Resources */,
				ED4DFA6B1D38CA0100D29596 /* Main.storyboard in Resources */,
			);
			runOnlyForDeploymentPostprocessing = 0;
		};
/* End PBXResourcesBuildPhase section */

/* Begin PBXSourcesBuildPhase section */
		ED4DFA591D38CA0100D29596 /* Sources */ = {
			isa = PBXSourcesBuildPhase;
			buildActionMask = 2147483647;
			files = (
				ED4DFA681D38CA0100D29596 /* ViewController.m in Sources */,
				ED4DFA651D38CA0100D29596 /* AppDelegate.m in Sources */,
				ED4DFA621D38CA0100D29596 /* main.m in Sources */,
			);
			runOnlyForDeploymentPostprocessing = 0;
		};
/* End PBXSourcesBuildPhase section */

/* Begin PBXVariantGroup section */
		ED4DFA691D38CA0100D29596 /* Main.storyboard */ = {
			isa = PBXVariantGroup;
			children = (
				ED4DFA6A1D38CA0100D29596 /* Base */,
			);
			name = Main.storyboard;
			sourceTree = "<group>";
		};
		ED4DFA6E1D38CA0100D29596 /* LaunchScreen.storyboard */ = {
			isa = PBXVariantGroup;
			children = (
				ED4DFA6F1D38CA0100D29596 /* Base */,
			);
			name = LaunchScreen.storyboard;
			sourceTree = "<group>";
		};
/* End PBXVariantGroup section */

/* Begin XCBuildConfiguration section */
		ED4DFA721D38CA0100D29596 /* Debug */ = {
			isa = XCBuildConfiguration;
			buildSettings = {
				ALWAYS_SEARCH_USER_PATHS = NO;
				CLANG_ANALYZER_NONNULL = YES;
				CLANG_CXX_LANGUAGE_STANDARD = "gnu++0x";
				CLANG_CXX_LIBRARY = "libc++";
				CLANG_ENABLE_MODULES = YES;
				CLANG_ENABLE_OBJC_ARC = YES;
				CLANG_WARN_BOOL_CONVERSION = YES;
				CLANG_WARN_CONSTANT_CONVERSION = YES;
				CLANG_WARN_DIRECT_OBJC_ISA_USAGE = YES_ERROR;
				CLANG_WARN_EMPTY_BODY = YES;
				CLANG_WARN_ENUM_CONVERSION = YES;
				CLANG_WARN_INT_CONVERSION = YES;
				CLANG_WARN_OBJC_ROOT_CLASS = YES_ERROR;
				CLANG_WARN_UNREACHABLE_CODE = YES;
				CLANG_WARN__DUPLICATE_METHOD_MATCH = YES;
				"CODE_SIGN_IDENTITY[sdk=iphoneos*]" = "iPhone Developer";
				COPY_PHASE_STRIP = NO;
				DEBUG_INFORMATION_FORMAT = dwarf;
				ENABLE_STRICT_OBJC_MSGSEND = YES;
				ENABLE_TESTABILITY = YES;
				GCC_C_LANGUAGE_STANDARD = gnu99;
				GCC_DYNAMIC_NO_PIC = NO;
				GCC_NO_COMMON_BLOCKS = YES;
				GCC_OPTIMIZATION_LEVEL = 0;
				GCC_PREPROCESSOR_DEFINITIONS = (
					"DEBUG=1",
					"$(inherited)",
				);
				GCC_WARN_64_TO_32_BIT_CONVERSION = YES;
				GCC_WARN_ABOUT_RETURN_TYPE = YES_ERROR;
				GCC_WARN_UNDECLARED_SELECTOR = YES;
				GCC_WARN_UNINITIALIZED_AUTOS = YES_AGGRESSIVE;
				GCC_WARN_UNUSED_FUNCTION = YES;
				GCC_WARN_UNUSED_VARIABLE = YES;
				IPHONEOS_DEPLOYMENT_TARGET = 9.3;
				MTL_ENABLE_DEBUG_INFO = YES;
				ONLY_ACTIVE_ARCH = YES;
				SDKROOT = iphoneos;
			};
			name = Debug;
		};
		ED4DFA731D38CA0100D29596 /* Release */ = {
			isa = XCBuildConfiguration;
			buildSettings = {
				ALWAYS_SEARCH_USER_PATHS = NO;
				CLANG_ANALYZER_NONNULL = YES;
				CLANG_CXX_LANGUAGE_STANDARD = "gnu++0x";
				CLANG_CXX_LIBRARY = "libc++";
				CLANG_ENABLE_MODULES = YES;
				CLANG_ENABLE_OBJC_ARC = YES;
				CLANG_WARN_BOOL_CONVERSION = YES;
				CLANG_WARN_CONSTANT_CONVERSION = YES;
				CLANG_WARN_DIRECT_OBJC_ISA_USAGE = YES_ERROR;
				CLANG_WARN_EMPTY_BODY = YES;
				CLANG_WARN_ENUM_CONVERSION = YES;
				CLANG_WARN_INT_CONVERSION = YES;
				CLANG_WARN_OBJC_ROOT_CLASS = YES_ERROR;
				CLANG_WARN_UNREACHABLE_CODE = YES;
				CLANG_WARN__DUPLICATE_METHOD_MATCH = YES;
				"CODE_SIGN_IDENTITY[sdk=iphoneos*]" = "iPhone Developer";
				COPY_PHASE_STRIP = NO;
				DEBUG_INFORMATION_FORMAT = "dwarf-with-dsym";
				ENABLE_NS_ASSERTIONS = NO;
				ENABLE_STRICT_OBJC_MSGSEND = YES;
				GCC_C_LANGUAGE_STANDARD = gnu99;
				GCC_NO_COMMON_BLOCKS = YES;
				GCC_WARN_64_TO_32_BIT_CONVERSION = YES;
				GCC_WARN_ABOUT_RETURN_TYPE = YES_ERROR;
				GCC_WARN_UNDECLARED_SELECTOR = YES;
				GCC_WARN_UNINITIALIZED_AUTOS = YES_AGGRESSIVE;
				GCC_WARN_UNUSED_FUNCTION = YES;
				GCC_WARN_UNUSED_VARIABLE = YES;
				IPHONEOS_DEPLOYMENT_TARGET = 9.3;
				MTL_ENABLE_DEBUG_INFO = NO;
				SDKROOT = iphoneos;
				VALIDATE_PRODUCT = YES;
			};
			name = Release;
		};
		ED4DFA751D38CA0100D29596 /* Debug */ = {
			isa = XCBuildConfiguration;
			buildSettings = {
				ASSETCATALOG_COMPILER_APPICON_NAME = AppIcon;
				INFOPLIST_FILE = ProjectMenu/Info.plist;
				LD_RUNPATH_SEARCH_PATHS = "$(inherited) @executable_path/Frameworks";
				PRODUCT_BUNDLE_IDENTIFIER = ThePaadamCompany.ProjectMenu;
				PRODUCT_NAME = "$(TARGET_NAME)";
			};
			name = Debug;
		};
		ED4DFA761D38CA0100D29596 /* Release */ = {
			isa = XCBuildConfiguration;
			buildSettings = {
				ASSETCATALOG_COMPILER_APPICON_NAME = AppIcon;
				INFOPLIST_FILE = ProjectMenu/Info.plist;
				LD_RUNPATH_SEARCH_PATHS = "$(inherited) @executable_path/Frameworks";
				PRODUCT_BUNDLE_IDENTIFIER = ThePaadamCompany.ProjectMenu;
				PRODUCT_NAME = "$(TARGET_NAME)";
			};
			name = Release;
		};
/* End XCBuildConfiguration section */

/* Begin XCConfigurationList section */
		ED4DFA581D38CA0100D29596 /* Build configuration list for PBXProject "ProjectMenu" */ = {
			isa = XCConfigurationList;
			buildConfigurations = (
				ED4DFA721D38CA0100D29596 /* Debug */,
				ED4DFA731D38CA0100D29596 /* Release */,
			);
			defaultConfigurationIsVisible = 0;
			defaultConfigurationName = Release;
		};
		ED4DFA741D38CA0100D29596 /* Build configuration list for PBXNativeTarget "ProjectMenu" */ = {
			isa = XCConfigurationList;
			buildConfigurations = (
				ED4DFA751D38CA0100D29596 /* Debug */,
				ED4DFA761D38CA0100D29596 /* Release */,
			);
			defaultConfigurationIsVisible = 0;
		};
/* End XCConfigurationList section */
	};
	rootObject = ED4DFA551D38CA0100D29596 /* Project object */;
}
